
Microsoft Visual Studio Solution File, Format Version 12.00
# Visual Studio Version 16
VisualStudioVersion = 16.0.31613.86
MinimumVisualStudioVersion = 10.0.40219.1
Project("{9A19103F-16F7-4668-BE54-9A1E7A4F7556}") = "EnergySellingDemo", "EnergySellingDemo\EnergySellingDemo.csproj", "{797E120E-56E4-4C9F-A0A5-C078A39CBB16}"
EndProject
Global
	GlobalSection(SolutionConfigurationPlatforms) = preSolution
		Debug|Any CPU = Debug|Any CPU
		Release|Any CPU = Release|Any CPU
	EndGlobalSection
	GlobalSection(ProjectConfigurationPlatforms) = postSolution
		{797E120E-56E4-4C9F-A0A5-C078A39CBB16}.Debug|Any CPU.ActiveCfg = Debug|Any CPU
		{797E120E-56E4-4C9F-A0A5-C078A39CBB16}.Debug|Any CPU.Build.0 = Debug|Any CPU
		{797E120E-56E4-4C9F-A0A5-C078A39CBB16}.Release|Any CPU.ActiveCfg = Release|Any CPU
		{797E120E-56E4-4C9F-A0A5-C078A39CBB16}.Release|Any CPU.Build.0 = Release|Any CPU
	EndGlobalSection
	GlobalSection(SolutionProperties) = preSolution
		HideSolutionNode = FALSE
	EndGlobalSection
	GlobalSection(ExtensibilityGlobals) = postSolution
		SolutionGuid = {16CEC0AC-7819-4266-87FD-AAE53C5BCCD3}
	EndGlobalSection
EndGlobal
